
Microsoft Visual Studio Solution File, Format Version 12.00
# Visual Studio Version 17
VisualStudioVersion = 17.6.33829.357
MinimumVisualStudioVersion = 10.0.40219.1
Project("{FAE04EC0-301F-11D3-BF4B-00C04F79EFBC}") = "SemaThread", "SemaThread\SemaThread.csproj", "{4EA15756-7598-4FF8-80AE-103729E45764}"
EndProject
Global
	GlobalSection(SolutionConfigurationPlatforms) = preSolution
		Debug|Any CPU = Debug|Any CPU
		Release|Any CPU = Release|Any CPU
	EndGlobalSection
	GlobalSection(ProjectConfigurationPlatforms) = postSolution
		{4EA15756-7598-4FF8-80AE-103729E45764}.Debug|Any CPU.ActiveCfg = Debug|Any CPU
		{4EA15756-7598-4FF8-80AE-103729E45764}.Debug|Any CPU.Build.0 = Debug|Any CPU
		{4EA15756-7598-4FF8-80AE-103729E45764}.Release|Any CPU.ActiveCfg = Release|Any CPU
		{4EA15756-7598-4FF8-80AE-103729E45764}.Release|Any CPU.Build.0 = Release|Any CPU
	EndGlobalSection
	GlobalSection(SolutionProperties) = preSolution
		HideSolutionNode = FALSE
	EndGlobalSection
	GlobalSection(ExtensibilityGlobals) = postSolution
		SolutionGuid = {5C60CD26-D503-4CC2-B535-04DC5C98CFCD}
	EndGlobalSection
EndGlobal
